
Microsoft Visual Studio Solution File, Format Version 12.00
# Visual Studio 15
VisualStudioVersion = 15.0.26124.0
MinimumVisualStudioVersion = 15.0.26124.0
Project("{FAE04EC0-301F-11D3-BF4B-00C04F79EFBC}") = "Otp.Api", "Otp.Api\Otp.Api.csproj", "{48A3E85D-8B30-4068-8D79-ED5802683A34}"
EndProject
Project("{FAE04EC0-301F-11D3-BF4B-00C04F79EFBC}") = "Otp.ApiTests", "Otp.ApiTests\Otp.ApiTests.csproj", "{927E0195-9ECF-446C-BBB0-AB475AE32EFB}"
EndProject
Global
	GlobalSection(SolutionConfigurationPlatforms) = preSolution
		Debug|Any CPU = Debug|Any CPU
		Debug|x64 = Debug|x64
		Debug|x86 = Debug|x86
		Release|Any CPU = Release|Any CPU
		Release|x64 = Release|x64
		Release|x86 = Release|x86
	EndGlobalSection
	GlobalSection(SolutionProperties) = preSolution
		HideSolutionNode = FALSE
	EndGlobalSection
	GlobalSection(ProjectConfigurationPlatforms) = postSolution
		{48A3E85D-8B30-4068-8D79-ED5802683A34}.Debug|Any CPU.ActiveCfg = Debug|Any CPU
		{48A3E85D-8B30-4068-8D79-ED5802683A34}.Debug|Any CPU.Build.0 = Debug|Any CPU
		{48A3E85D-8B30-4068-8D79-ED5802683A34}.Debug|x64.ActiveCfg = Debug|Any CPU
		{48A3E85D-8B30-4068-8D79-ED5802683A34}.Debug|x64.Build.0 = Debug|Any CPU
		{48A3E85D-8B30-4068-8D79-ED5802683A34}.Debug|x86.ActiveCfg = Debug|Any CPU
		{48A3E85D-8B30-4068-8D79-ED5802683A34}.Debug|x86.Build.0 = Debug|Any CPU
		{48A3E85D-8B30-4068-8D79-ED5802683A34}.Release|Any CPU.ActiveCfg = Release|Any CPU
		{48A3E85D-8B30-4068-8D79-ED5802683A34}.Release|Any CPU.Build.0 = Release|Any CPU
		{48A3E85D-8B30-4068-8D79-ED5802683A34}.Release|x64.ActiveCfg = Release|Any CPU
		{48A3E85D-8B30-4068-8D79-ED5802683A34}.Release|x64.Build.0 = Release|Any CPU
		{48A3E85D-8B30-4068-8D79-ED5802683A34}.Release|x86.ActiveCfg = Release|Any CPU
		{48A3E85D-8B30-4068-8D79-ED5802683A34}.Release|x86.Build.0 = Release|Any CPU
		{927E0195-9ECF-446C-BBB0-AB475AE32EFB}.Debug|Any CPU.ActiveCfg = Debug|Any CPU
		{927E0195-9ECF-446C-BBB0-AB475AE32EFB}.Debug|Any CPU.Build.0 = Debug|Any CPU
		{927E0195-9ECF-446C-BBB0-AB475AE32EFB}.Debug|x64.ActiveCfg = Debug|Any CPU
		{927E0195-9ECF-446C-BBB0-AB475AE32EFB}.Debug|x64.Build.0 = Debug|Any CPU
		{927E0195-9ECF-446C-BBB0-AB475AE32EFB}.Debug|x86.ActiveCfg = Debug|Any CPU
		{927E0195-9ECF-446C-BBB0-AB475AE32EFB}.Debug|x86.Build.0 = Debug|Any CPU
		{927E0195-9ECF-446C-BBB0-AB475AE32EFB}.Release|Any CPU.ActiveCfg = Release|Any CPU
		{927E0195-9ECF-446C-BBB0-AB475AE32EFB}.Release|Any CPU.Build.0 = Release|Any CPU
		{927E0195-9ECF-446C-BBB0-AB475AE32EFB}.Release|x64.ActiveCfg = Release|Any CPU
		{927E0195-9ECF-446C-BBB0-AB475AE32EFB}.Release|x64.Build.0 = Release|Any CPU
		{927E0195-9ECF-446C-BBB0-AB475AE32EFB}.Release|x86.ActiveCfg = Release|Any CPU
		{927E0195-9ECF-446C-BBB0-AB475AE32EFB}.Release|x86.Build.0 = Release|Any CPU
	EndGlobalSection
EndGlobal
